
Microsoft Visual Studio Solution File, Format Version 12.00
# Visual Studio Version 17
VisualStudioVersion = 17.8.34511.84
MinimumVisualStudioVersion = 10.0.40219.1
Project("{FAE04EC0-301F-11D3-BF4B-00C04F79EFBC}") = "DotNet 2_4_1", "DotNet 2_4_1.csproj", "{2E89C8D5-FE52-4910-83B5-047BFA57366E}"
EndProject
Global
	GlobalSection(SolutionConfigurationPlatforms) = preSolution
		Debug|Any CPU = Debug|Any CPU
		Release|Any CPU = Release|Any CPU
	EndGlobalSection
	GlobalSection(ProjectConfigurationPlatforms) = postSolution
		{2E89C8D5-FE52-4910-83B5-047BFA57366E}.Debug|Any CPU.ActiveCfg = Debug|Any CPU
		{2E89C8D5-FE52-4910-83B5-047BFA57366E}.Debug|Any CPU.Build.0 = Debug|Any CPU
		{2E89C8D5-FE52-4910-83B5-047BFA57366E}.Release|Any CPU.ActiveCfg = Release|Any CPU
		{2E89C8D5-FE52-4910-83B5-047BFA57366E}.Release|Any CPU.Build.0 = Release|Any CPU
	EndGlobalSection
	GlobalSection(SolutionProperties) = preSolution
		HideSolutionNode = FALSE
	EndGlobalSection
	GlobalSection(ExtensibilityGlobals) = postSolution
		SolutionGuid = {96BCB044-EDF2-4768-9FB5-353B7789C820}
	EndGlobalSection
EndGlobal
